
Microsoft Visual Studio Solution File, Format Version 12.00
# Visual Studio 15
VisualStudioVersion = 15.0.28307.705
MinimumVisualStudioVersion = 10.0.40219.1
Project("{FAE04EC0-301F-11D3-BF4B-00C04F79EFBC}") = "GuestPasswordManager", "GuestPasswordManager\GuestPasswordManager.csproj", "{1234D012-3741-45F5-9FB9-986AD584CDDE}"
EndProject
Global
	GlobalSection(SolutionConfigurationPlatforms) = preSolution
		Debug|Any CPU = Debug|Any CPU
		Release|Any CPU = Release|Any CPU
	EndGlobalSection
	GlobalSection(ProjectConfigurationPlatforms) = postSolution
		{1234D012-3741-45F5-9FB9-986AD584CDDE}.Debug|Any CPU.ActiveCfg = Debug|Any CPU
		{1234D012-3741-45F5-9FB9-986AD584CDDE}.Debug|Any CPU.Build.0 = Debug|Any CPU
		{1234D012-3741-45F5-9FB9-986AD584CDDE}.Release|Any CPU.ActiveCfg = Release|Any CPU
		{1234D012-3741-45F5-9FB9-986AD584CDDE}.Release|Any CPU.Build.0 = Release|Any CPU
	EndGlobalSection
	GlobalSection(SolutionProperties) = preSolution
		HideSolutionNode = FALSE
	EndGlobalSection
	GlobalSection(ExtensibilityGlobals) = postSolution
		SolutionGuid = {141D2A38-34C3-45E3-B3E2-7303C9260FBB}
	EndGlobalSection
EndGlobal
